
Microsoft Visual Studio Solution File, Format Version 12.00
# Visual Studio Version 17
VisualStudioVersion = 17.9.34902.65
MinimumVisualStudioVersion = 10.0.40219.1
Project("{FAE04EC0-301F-11D3-BF4B-00C04F79EFBC}") = "Coding_tracker", "Coding_tracker.csproj", "{90C28EE1-4035-4767-BED6-1099A5AC6691}"
EndProject
Global
	GlobalSection(SolutionConfigurationPlatforms) = preSolution
		Debug|Any CPU = Debug|Any CPU
		Release|Any CPU = Release|Any CPU
	EndGlobalSection
	GlobalSection(ProjectConfigurationPlatforms) = postSolution
		{90C28EE1-4035-4767-BED6-1099A5AC6691}.Debug|Any CPU.ActiveCfg = Debug|Any CPU
		{90C28EE1-4035-4767-BED6-1099A5AC6691}.Debug|Any CPU.Build.0 = Debug|Any CPU
		{90C28EE1-4035-4767-BED6-1099A5AC6691}.Release|Any CPU.ActiveCfg = Release|Any CPU
		{90C28EE1-4035-4767-BED6-1099A5AC6691}.Release|Any CPU.Build.0 = Release|Any CPU
	EndGlobalSection
	GlobalSection(SolutionProperties) = preSolution
		HideSolutionNode = FALSE
	EndGlobalSection
	GlobalSection(ExtensibilityGlobals) = postSolution
		SolutionGuid = {8F6C9FD8-6A1E-4E96-8499-C87A4B22347B}
	EndGlobalSection
EndGlobal
